
Microsoft Visual Studio Solution File, Format Version 12.00
# Visual Studio Version 16
VisualStudioVersion = 16.0.30413.136
MinimumVisualStudioVersion = 10.0.40219.1
Project("{8BC9CEB8-8B4A-11D0-8D11-00A0C91BC942}") = "Harmonograph", "Harmonograph.vcxproj", "{14D149AA-4BC1-435C-B171-7739BAFC9DBD}"
EndProject
Global
	GlobalSection(SolutionConfigurationPlatforms) = preSolution
		Debug|x64 = Debug|x64
		Release|x64 = Release|x64
	EndGlobalSection
	GlobalSection(ProjectConfigurationPlatforms) = postSolution
		{14D149AA-4BC1-435C-B171-7739BAFC9DBD}.Debug|x64.ActiveCfg = Debug|x64
		{14D149AA-4BC1-435C-B171-7739BAFC9DBD}.Debug|x64.Build.0 = Debug|x64
		{14D149AA-4BC1-435C-B171-7739BAFC9DBD}.Release|x64.ActiveCfg = Release|x64
		{14D149AA-4BC1-435C-B171-7739BAFC9DBD}.Release|x64.Build.0 = Release|x64
	EndGlobalSection
	GlobalSection(SolutionProperties) = preSolution
		HideSolutionNode = FALSE
	EndGlobalSection
	GlobalSection(ExtensibilityGlobals) = postSolution
		SolutionGuid = {AD3B1A84-645F-43E1-9336-69892EAAE2E7}
	EndGlobalSection
EndGlobal
